// !$*UTF8*$!
{
	archiveVersion = 1;
	classes = {
	};
	objectVersion = 56;
	objects = {

/* Begin PBXBuildFile section */
		5B3944BF2AB31E7600CA727D /* google.swift in Sources */ = {isa = PBXBuildFile; fileRef = 5B3944BE2AB31E7600CA727D /* google.swift */; };
		5B3B1A0C2AB2C25900984F0E /* GoogleSignIn in Frameworks */ = {isa = PBXBuildFile; productRef = 5B3B1A0B2AB2C25900984F0E /* GoogleSignIn */; };
		5B3B1A0E2AB2C25900984F0E /* GoogleSignInSwift in Frameworks */ = {isa = PBXBuildFile; productRef = 5B3B1A0D2AB2C25900984F0E /* GoogleSignInSwift */; };
		5B3B1A1C2AB2E55200984F0E /* GoogleService-Info.plist in Resources */ = {isa = PBXBuildFile; fileRef = 5B3B1A1B2AB2E55200984F0E /* GoogleService-Info.plist */; };
		5B3B1A242AB2E95E00984F0E /* FirebaseAnalytics in Frameworks */ = {isa = PBXBuildFile; productRef = 5B3B1A232AB2E95E00984F0E /* FirebaseAnalytics */; };
		5B3B1A262AB2E95E00984F0E /* FirebaseAnalyticsWithoutAdIdSupport in Frameworks */ = {isa = PBXBuildFile; productRef = 5B3B1A252AB2E95E00984F0E /* FirebaseAnalyticsWithoutAdIdSupport */; };
		5B3B1A282AB2E95E00984F0E /* FirebaseAuth in Frameworks */ = {isa = PBXBuildFile; productRef = 5B3B1A272AB2E95E00984F0E /* FirebaseAuth */; };
		5BFFA40C2AB084A000CAD04B /* AppDelegate.swift in Sources */ = {isa = PBXBuildFile; fileRef = 5BFFA40B2AB084A000CAD04B /* AppDelegate.swift */; };
		5BFFA40E2AB084A000CAD04B /* SceneDelegate.swift in Sources */ = {isa = PBXBuildFile; fileRef = 5BFFA40D2AB084A000CAD04B /* SceneDelegate.swift */; };
		5BFFA4102AB084A000CAD04B /* ViewController.swift in Sources */ = {isa = PBXBuildFile; fileRef = 5BFFA40F2AB084A000CAD04B /* ViewController.swift */; };
		5BFFA4132AB084A000CAD04B /* Main.storyboard in Resources */ = {isa = PBXBuildFile; fileRef = 5BFFA4112AB084A000CAD04B /* Main.storyboard */; };
		5BFFA4152AB084A100CAD04B /* Assets.xcassets in Resources */ = {isa = PBXBuildFile; fileRef = 5BFFA4142AB084A100CAD04B /* Assets.xcassets */; };
		5BFFA4182AB084A100CAD04B /* LaunchScreen.storyboard in Resources */ = {isa = PBXBuildFile; fileRef = 5BFFA4162AB084A100CAD04B /* LaunchScreen.storyboard */; };
		5BFFA4202AB0855B00CAD04B /* SecondViewController.swift in Sources */ = {isa = PBXBuildFile; fileRef = 5BFFA41F2AB0855B00CAD04B /* SecondViewController.swift */; };
		5BFFA4222AB0857D00CAD04B /* ThirdViewController.swift in Sources */ = {isa = PBXBuildFile; fileRef = 5BFFA4212AB0857D00CAD04B /* ThirdViewController.swift */; };
		5BFFA4242AB085B700CAD04B /* MyCollectionViewCell.swift in Sources */ = {isa = PBXBuildFile; fileRef = 5BFFA4232AB085B700CAD04B /* MyCollectionViewCell.swift */; };
		5BFFA4262AB0865700CAD04B /* Model.swift in Sources */ = {isa = PBXBuildFile; fileRef = 5BFFA4252AB0865700CAD04B /* Model.swift */; };
		5BFFA4292AB0885100CAD04B /* FacebookAEM in Frameworks */ = {isa = PBXBuildFile; productRef = 5BFFA4282AB0885100CAD04B /* FacebookAEM */; };
		5BFFA42B2AB0885100CAD04B /* FacebookBasics in Frameworks */ = {isa = PBXBuildFile; productRef = 5BFFA42A2AB0885100CAD04B /* FacebookBasics */; };
		5BFFA42D2AB0885100CAD04B /* FacebookCore in Frameworks */ = {isa = PBXBuildFile; productRef = 5BFFA42C2AB0885100CAD04B /* FacebookCore */; };
		5BFFA42F2AB0885100CAD04B /* FacebookGamingServices in Frameworks */ = {isa = PBXBuildFile; productRef = 5BFFA42E2AB0885100CAD04B /* FacebookGamingServices */; };
		5BFFA4312AB0885100CAD04B /* FacebookLogin in Frameworks */ = {isa = PBXBuildFile; productRef = 5BFFA4302AB0885100CAD04B /* FacebookLogin */; };
		5BFFA4332AB0885100CAD04B /* FacebookShare in Frameworks */ = {isa = PBXBuildFile; productRef = 5BFFA4322AB0885100CAD04B /* FacebookShare */; };
/* End PBXBuildFile section */

/* Begin PBXFileReference section */
		5B3944BE2AB31E7600CA727D /* google.swift */ = {isa = PBXFileReference; lastKnownFileType = sourcecode.swift; path = google.swift; sourceTree = "<group>"; };
		5B3B1A1B2AB2E55200984F0E /* GoogleService-Info.plist */ = {isa = PBXFileReference; fileEncoding = 4; lastKnownFileType = text.plist.xml; name = "GoogleService-Info.plist"; path = "../../../Downloads/GoogleService-Info.plist"; sourceTree = "<group>"; };
		5BBA4C9E2AB17FFC001EB5B7 /* Login.entitlements */ = {isa = PBXFileReference; lastKnownFileType = text.plist.entitlements; path = Login.entitlements; sourceTree = "<group>"; };
		5BFFA4082AB084A000CAD04B /* Login.app */ = {isa = PBXFileReference; explicitFileType = wrapper.application; includeInIndex = 0; path = Login.app; sourceTree = BUILT_PRODUCTS_DIR; };
		5BFFA40B2AB084A000CAD04B /* AppDelegate.swift */ = {isa = PBXFileReference; lastKnownFileType = sourcecode.swift; path = AppDelegate.swift; sourceTree = "<group>"; };
		5BFFA40D2AB084A000CAD04B /* SceneDelegate.swift */ = {isa = PBXFileReference; lastKnownFileType = sourcecode.swift; path = SceneDelegate.swift; sourceTree = "<group>"; };
		5BFFA40F2AB084A000CAD04B /* ViewController.swift */ = {isa = PBXFileReference; lastKnownFileType = sourcecode.swift; path = ViewController.swift; sourceTree = "<group>"; };
		5BFFA4122AB084A000CAD04B /* Base */ = {isa = PBXFileReference; lastKnownFileType = file.storyboard; name = Base; path = Base.lproj/Main.storyboard; sourceTree = "<group>"; };
		5BFFA4142AB084A100CAD04B /* Assets.xcassets */ = {isa = PBXFileReference; lastKnownFileType = folder.assetcatalog; path = Assets.xcassets; sourceTree = "<group>"; };
		5BFFA4172AB084A100CAD04B /* Base */ = {isa = PBXFileReference; lastKnownFileType = file.storyboard; name = Base; path = Base.lproj/LaunchScreen.storyboard; sourceTree = "<group>"; };
		5BFFA4192AB084A100CAD04B /* Info.plist */ = {isa = PBXFileReference; lastKnownFileType = text.plist.xml; path = Info.plist; sourceTree = "<group>"; };
		5BFFA41F2AB0855B00CAD04B /* SecondViewController.swift */ = {isa = PBXFileReference; lastKnownFileType = sourcecode.swift; path = SecondViewController.swift; sourceTree = "<group>"; };
		5BFFA4212AB0857D00CAD04B /* ThirdViewController.swift */ = {isa = PBXFileReference; lastKnownFileType = sourcecode.swift; path = ThirdViewController.swift; sourceTree = "<group>"; };
		5BFFA4232AB085B700CAD04B /* MyCollectionViewCell.swift */ = {isa = PBXFileReference; lastKnownFileType = sourcecode.swift; path = MyCollectionViewCell.swift; sourceTree = "<group>"; };
		5BFFA4252AB0865700CAD04B /* Model.swift */ = {isa = PBXFileReference; lastKnownFileType = sourcecode.swift; path = Model.swift; sourceTree = "<group>"; };
/* End PBXFileReference section */

/* Begin PBXFrameworksBuildPhase section */
		5BFFA4052AB084A000CAD04B /* Frameworks */ = {
			isa = PBXFrameworksBuildPhase;
			buildActionMask = 2147483647;
			files = (
				5BFFA4312AB0885100CAD04B /* FacebookLogin in Frameworks */,
				5B3B1A262AB2E95E00984F0E /* FirebaseAnalyticsWithoutAdIdSupport in Frameworks */,
				5BFFA4292AB0885100CAD04B /* FacebookAEM in Frameworks */,
				5BFFA4332AB0885100CAD04B /* FacebookShare in Frameworks */,
				5B3B1A0E2AB2C25900984F0E /* GoogleSignInSwift in Frameworks */,
				5BFFA42D2AB0885100CAD04B /* FacebookCore in Frameworks */,
				5BFFA42B2AB0885100CAD04B /* FacebookBasics in Frameworks */,
				5B3B1A282AB2E95E00984F0E /* FirebaseAuth in Frameworks */,
				5BFFA42F2AB0885100CAD04B /* FacebookGamingServices in Frameworks */,
				5B3B1A0C2AB2C25900984F0E /* GoogleSignIn in Frameworks */,
				5B3B1A242AB2E95E00984F0E /* FirebaseAnalytics in Frameworks */,
			);
			runOnlyForDeploymentPostprocessing = 0;
		};
/* End PBXFrameworksBuildPhase section */

/* Begin PBXGroup section */
		5BFFA3FF2AB084A000CAD04B = {
			isa = PBXGroup;
			children = (
				5BFFA40A2AB084A000CAD04B /* Login */,
				5BFFA4092AB084A000CAD04B /* Products */,
			);
			sourceTree = "<group>";
		};
		5BFFA4092AB084A000CAD04B /* Products */ = {
			isa = PBXGroup;
			children = (
				5BFFA4082AB084A000CAD04B /* Login.app */,
			);
			name = Products;
			sourceTree = "<group>";
		};
		5BFFA40A2AB084A000CAD04B /* Login */ = {
			isa = PBXGroup;
			children = (
				5BBA4C9E2AB17FFC001EB5B7 /* Login.entitlements */,
				5BFFA40B2AB084A000CAD04B /* AppDelegate.swift */,
				5BFFA40D2AB084A000CAD04B /* SceneDelegate.swift */,
				5BFFA40F2AB084A000CAD04B /* ViewController.swift */,
				5BFFA4112AB084A000CAD04B /* Main.storyboard */,
				5BFFA4232AB085B700CAD04B /* MyCollectionViewCell.swift */,
				5BFFA4212AB0857D00CAD04B /* ThirdViewController.swift */,
				5BFFA41F2AB0855B00CAD04B /* SecondViewController.swift */,
				5BFFA4142AB084A100CAD04B /* Assets.xcassets */,
				5BFFA4162AB084A100CAD04B /* LaunchScreen.storyboard */,
				5BFFA4192AB084A100CAD04B /* Info.plist */,
				5B3B1A1B2AB2E55200984F0E /* GoogleService-Info.plist */,
				5BFFA4252AB0865700CAD04B /* Model.swift */,
				5B3944BE2AB31E7600CA727D /* google.swift */,
			);
			path = Login;
			sourceTree = "<group>";
		};
/* End PBXGroup section */

/* Begin PBXNativeTarget section */
		5BFFA4072AB084A000CAD04B /* Login */ = {
			isa = PBXNativeTarget;
			buildConfigurationList = 5BFFA41C2AB084A100CAD04B /* Build configuration list for PBXNativeTarget "Login" */;
			buildPhases = (
				5BFFA4042AB084A000CAD04B /* Sources */,
				5BFFA4052AB084A000CAD04B /* Frameworks */,
				5BFFA4062AB084A000CAD04B /* Resources */,
			);
			buildRules = (
			);
			dependencies = (
			);
			name = Login;
			packageProductDependencies = (
				5BFFA4282AB0885100CAD04B /* FacebookAEM */,
				5BFFA42A2AB0885100CAD04B /* FacebookBasics */,
				5BFFA42C2AB0885100CAD04B /* FacebookCore */,
				5BFFA42E2AB0885100CAD04B /* FacebookGamingServices */,
				5BFFA4302AB0885100CAD04B /* FacebookLogin */,
				5BFFA4322AB0885100CAD04B /* FacebookShare */,
				5B3B1A0B2AB2C25900984F0E /* GoogleSignIn */,
				5B3B1A0D2AB2C25900984F0E /* GoogleSignInSwift */,
				5B3B1A232AB2E95E00984F0E /* FirebaseAnalytics */,
				5B3B1A252AB2E95E00984F0E /* FirebaseAnalyticsWithoutAdIdSupport */,
				5B3B1A272AB2E95E00984F0E /* FirebaseAuth */,
			);
			productName = Login;
			productReference = 5BFFA4082AB084A000CAD04B /* Login.app */;
			productType = "com.apple.product-type.application";
		};
/* End PBXNativeTarget section */

/* Begin PBXProject section */
		5BFFA4002AB084A000CAD04B /* Project object */ = {
			isa = PBXProject;
			attributes = {
				BuildIndependentTargetsInParallel = 1;
				LastSwiftUpdateCheck = 1420;
				LastUpgradeCheck = 1420;
				TargetAttributes = {
					5BFFA4072AB084A000CAD04B = {
						CreatedOnToolsVersion = 14.2;
					};
				};
			};
			buildConfigurationList = 5BFFA4032AB084A000CAD04B /* Build configuration list for PBXProject "Login" */;
			compatibilityVersion = "Xcode 14.0";
			developmentRegion = en;
			hasScannedForEncodings = 0;
			knownRegions = (
				en,
				Base,
			);
			mainGroup = 5BFFA3FF2AB084A000CAD04B;
			packageReferences = (
				5BFFA4272AB0885100CAD04B /* XCRemoteSwiftPackageReference "facebook-ios-sdk" */,
				5B3B1A0A2AB2C25900984F0E /* XCRemoteSwiftPackageReference "GoogleSignIn-iOS" */,
				5B3B1A222AB2E95E00984F0E /* XCRemoteSwiftPackageReference "firebase-ios-sdk" */,
			);
			productRefGroup = 5BFFA4092AB084A000CAD04B /* Products */;
			projectDirPath = "";
			projectRoot = "";
			targets = (
				5BFFA4072AB084A000CAD04B /* Login */,
			);
		};
/* End PBXProject section */

/* Begin PBXResourcesBuildPhase section */
		5BFFA4062AB084A000CAD04B /* Resources */ = {
			isa = PBXResourcesBuildPhase;
			buildActionMask = 2147483647;
			files = (
				5BFFA4182AB084A100CAD04B /* LaunchScreen.storyboard in Resources */,
				5B3B1A1C2AB2E55200984F0E /* GoogleService-Info.plist in Resources */,
				5BFFA4152AB084A100CAD04B /* Assets.xcassets in Resources */,
				5BFFA4132AB084A000CAD04B /* Main.storyboard in Resources */,
			);
			runOnlyForDeploymentPostprocessing = 0;
		};
/* End PBXResourcesBuildPhase section */

/* Begin PBXSourcesBuildPhase section */
		5BFFA4042AB084A000CAD04B /* Sources */ = {
			isa = PBXSourcesBuildPhase;
			buildActionMask = 2147483647;
			files = (
				5BFFA4262AB0865700CAD04B /* Model.swift in Sources */,
				5BFFA4202AB0855B00CAD04B /* SecondViewController.swift in Sources */,
				5BFFA4102AB084A000CAD04B /* ViewController.swift in Sources */,
				5BFFA4242AB085B700CAD04B /* MyCollectionViewCell.swift in Sources */,
				5B3944BF2AB31E7600CA727D /* google.swift in Sources */,
				5BFFA4222AB0857D00CAD04B /* ThirdViewController.swift in Sources */,
				5BFFA40C2AB084A000CAD04B /* AppDelegate.swift in Sources */,
				5BFFA40E2AB084A000CAD04B /* SceneDelegate.swift in Sources */,
			);
			runOnlyForDeploymentPostprocessing = 0;
		};
/* End PBXSourcesBuildPhase section */

/* Begin PBXVariantGroup section */
		5BFFA4112AB084A000CAD04B /* Main.storyboard */ = {
			isa = PBXVariantGroup;
			children = (
				5BFFA4122AB084A000CAD04B /* Base */,
			);
			name = Main.storyboard;
			sourceTree = "<group>";
		};
		5BFFA4162AB084A100CAD04B /* LaunchScreen.storyboard */ = {
			isa = PBXVariantGroup;
			children = (
				5BFFA4172AB084A100CAD04B /* Base */,
			);
			name = LaunchScreen.storyboard;
			sourceTree = "<group>";
		};
/* End PBXVariantGroup section */

/* Begin XCBuildConfiguration section */
		5BFFA41A2AB084A100CAD04B /* Debug */ = {
			isa = XCBuildConfiguration;
			buildSettings = {
				ALWAYS_SEARCH_USER_PATHS = NO;
				CLANG_ANALYZER_NONNULL = YES;
				CLANG_ANALYZER_NUMBER_OBJECT_CONVERSION = YES_AGGRESSIVE;
				CLANG_CXX_LANGUAGE_STANDARD = "gnu++20";
				CLANG_ENABLE_MODULES = YES;
				CLANG_ENABLE_OBJC_ARC = YES;
				CLANG_ENABLE_OBJC_WEAK = YES;
				CLANG_WARN_BLOCK_CAPTURE_AUTORELEASING = YES;
				CLANG_WARN_BOOL_CONVERSION = YES;
				CLANG_WARN_COMMA = YES;
				CLANG_WARN_CONSTANT_CONVERSION = YES;
				CLANG_WARN_DEPRECATED_OBJC_IMPLEMENTATIONS = YES;
				CLANG_WARN_DIRECT_OBJC_ISA_USAGE = YES_ERROR;
				CLANG_WARN_DOCUMENTATION_COMMENTS = YES;
				CLANG_WARN_EMPTY_BODY = YES;
				CLANG_WARN_ENUM_CONVERSION = YES;
				CLANG_WARN_INFINITE_RECURSION = YES;
				CLANG_WARN_INT_CONVERSION = YES;
				CLANG_WARN_NON_LITERAL_NULL_CONVERSION = YES;
				CLANG_WARN_OBJC_IMPLICIT_RETAIN_SELF = YES;
				CLANG_WARN_OBJC_LITERAL_CONVERSION = YES;
				CLANG_WARN_OBJC_ROOT_CLASS = YES_ERROR;
				CLANG_WARN_QUOTED_INCLUDE_IN_FRAMEWORK_HEADER = YES;
				CLANG_WARN_RANGE_LOOP_ANALYSIS = YES;
				CLANG_WARN_STRICT_PROTOTYPES = YES;
				CLANG_WARN_SUSPICIOUS_MOVE = YES;
				CLANG_WARN_UNGUARDED_AVAILABILITY = YES_AGGRESSIVE;
				CLANG_WARN_UNREACHABLE_CODE = YES;
				CLANG_WARN__DUPLICATE_METHOD_MATCH = YES;
				COPY_PHASE_STRIP = NO;
				DEBUG_INFORMATION_FORMAT = dwarf;
				ENABLE_STRICT_OBJC_MSGSEND = YES;
				ENABLE_TESTABILITY = YES;
				GCC_C_LANGUAGE_STANDARD = gnu11;
				GCC_DYNAMIC_NO_PIC = NO;
				GCC_NO_COMMON_BLOCKS = YES;
				GCC_OPTIMIZATION_LEVEL = 0;
				GCC_PREPROCESSOR_DEFINITIONS = (
					"DEBUG=1",
					"$(inherited)",
				);
				GCC_WARN_64_TO_32_BIT_CONVERSION = YES;
				GCC_WARN_ABOUT_RETURN_TYPE = YES_ERROR;
				GCC_WARN_UNDECLARED_SELECTOR = YES;
				GCC_WARN_UNINITIALIZED_AUTOS = YES_AGGRESSIVE;
				GCC_WARN_UNUSED_FUNCTION = YES;
				GCC_WARN_UNUSED_VARIABLE = YES;
				IPHONEOS_DEPLOYMENT_TARGET = 16.2;
				MTL_ENABLE_DEBUG_INFO = INCLUDE_SOURCE;
				MTL_FAST_MATH = YES;
				ONLY_ACTIVE_ARCH = YES;
				SDKROOT = iphoneos;
				SWIFT_ACTIVE_COMPILATION_CONDITIONS = DEBUG;
				SWIFT_OPTIMIZATION_LEVEL = "-Onone";
			};
			name = Debug;
		};
		5BFFA41B2AB084A100CAD04B /* Release */ = {
			isa = XCBuildConfiguration;
			buildSettings = {
				ALWAYS_SEARCH_USER_PATHS = NO;
				CLANG_ANALYZER_NONNULL = YES;
				CLANG_ANALYZER_NUMBER_OBJECT_CONVERSION = YES_AGGRESSIVE;
				CLANG_CXX_LANGUAGE_STANDARD = "gnu++20";
				CLANG_ENABLE_MODULES = YES;
				CLANG_ENABLE_OBJC_ARC = YES;
				CLANG_ENABLE_OBJC_WEAK = YES;
				CLANG_WARN_BLOCK_CAPTURE_AUTORELEASING = YES;
				CLANG_WARN_BOOL_CONVERSION = YES;
				CLANG_WARN_COMMA = YES;
				CLANG_WARN_CONSTANT_CONVERSION = YES;
				CLANG_WARN_DEPRECATED_OBJC_IMPLEMENTATIONS = YES;
				CLANG_WARN_DIRECT_OBJC_ISA_USAGE = YES_ERROR;
				CLANG_WARN_DOCUMENTATION_COMMENTS = YES;
				CLANG_WARN_EMPTY_BODY = YES;
				CLANG_WARN_ENUM_CONVERSION = YES;
				CLANG_WARN_INFINITE_RECURSION = YES;
				CLANG_WARN_INT_CONVERSION = YES;
				CLANG_WARN_NON_LITERAL_NULL_CONVERSION = YES;
				CLANG_WARN_OBJC_IMPLICIT_RETAIN_SELF = YES;
				CLANG_WARN_OBJC_LITERAL_CONVERSION = YES;
				CLANG_WARN_OBJC_ROOT_CLASS = YES_ERROR;
				CLANG_WARN_QUOTED_INCLUDE_IN_FRAMEWORK_HEADER = YES;
				CLANG_WARN_RANGE_LOOP_ANALYSIS = YES;
				CLANG_WARN_STRICT_PROTOTYPES = YES;
				CLANG_WARN_SUSPICIOUS_MOVE = YES;
				CLANG_WARN_UNGUARDED_AVAILABILITY = YES_AGGRESSIVE;
				CLANG_WARN_UNREACHABLE_CODE = YES;
				CLANG_WARN__DUPLICATE_METHOD_MATCH = YES;
				COPY_PHASE_STRIP = NO;
				DEBUG_INFORMATION_FORMAT = "dwarf-with-dsym";
				ENABLE_NS_ASSERTIONS = NO;
				ENABLE_STRICT_OBJC_MSGSEND = YES;
				GCC_C_LANGUAGE_STANDARD = gnu11;
				GCC_NO_COMMON_BLOCKS = YES;
				GCC_WARN_64_TO_32_BIT_CONVERSION = YES;
				GCC_WARN_ABOUT_RETURN_TYPE = YES_ERROR;
				GCC_WARN_UNDECLARED_SELECTOR = YES;
				GCC_WARN_UNINITIALIZED_AUTOS = YES_AGGRESSIVE;
				GCC_WARN_UNUSED_FUNCTION = YES;
				GCC_WARN_UNUSED_VARIABLE = YES;
				IPHONEOS_DEPLOYMENT_TARGET = 16.2;
				MTL_ENABLE_DEBUG_INFO = NO;
				MTL_FAST_MATH = YES;
				SDKROOT = iphoneos;
				SWIFT_COMPILATION_MODE = wholemodule;
				SWIFT_OPTIMIZATION_LEVEL = "-O";
				VALIDATE_PRODUCT = YES;
			};
			name = Release;
		};
		5BFFA41D2AB084A100CAD04B /* Debug */ = {
			isa = XCBuildConfiguration;
			buildSettings = {
				ASSETCATALOG_COMPILER_APPICON_NAME = AppIcon;
				ASSETCATALOG_COMPILER_GLOBAL_ACCENT_COLOR_NAME = AccentColor;
				CODE_SIGN_ENTITLEMENTS = Login/Login.entitlements;
				CODE_SIGN_STYLE = Automatic;
				CURRENT_PROJECT_VERSION = 1;
				GENERATE_INFOPLIST_FILE = YES;
				INFOPLIST_FILE = Login/Info.plist;
				INFOPLIST_KEY_UIApplicationSupportsIndirectInputEvents = YES;
				INFOPLIST_KEY_UILaunchStoryboardName = LaunchScreen;
				INFOPLIST_KEY_UIMainStoryboardFile = Main;
				INFOPLIST_KEY_UISupportedInterfaceOrientations_iPad = "UIInterfaceOrientationPortrait UIInterfaceOrientationPortraitUpsideDown UIInterfaceOrientationLandscapeLeft UIInterfaceOrientationLandscapeRight";
				INFOPLIST_KEY_UISupportedInterfaceOrientations_iPhone = "UIInterfaceOrientationPortrait UIInterfaceOrientationLandscapeLeft UIInterfaceOrientationLandscapeRight";
				LD_RUNPATH_SEARCH_PATHS = (
					"$(inherited)",
					"@executable_path/Frameworks",
				);
				MARKETING_VERSION = 1.0;
				PRODUCT_BUNDLE_IDENTIFIER = Admin.Login;
				PRODUCT_NAME = "$(TARGET_NAME)";
				SWIFT_EMIT_LOC_STRINGS = YES;
				SWIFT_VERSION = 5.0;
				TARGETED_DEVICE_FAMILY = "1,2";
			};
			name = Debug;
		};
		5BFFA41E2AB084A100CAD04B /* Release */ = {
			isa = XCBuildConfiguration;
			buildSettings = {
				ASSETCATALOG_COMPILER_APPICON_NAME = AppIcon;
				ASSETCATALOG_COMPILER_GLOBAL_ACCENT_COLOR_NAME = AccentColor;
				CODE_SIGN_ENTITLEMENTS = Login/Login.entitlements;
				CODE_SIGN_STYLE = Automatic;
				CURRENT_PROJECT_VERSION = 1;
				GENERATE_INFOPLIST_FILE = YES;
				INFOPLIST_FILE = Login/Info.plist;
				INFOPLIST_KEY_UIApplicationSupportsIndirectInputEvents = YES;
				INFOPLIST_KEY_UILaunchStoryboardName = LaunchScreen;
				INFOPLIST_KEY_UIMainStoryboardFile = Main;
				INFOPLIST_KEY_UISupportedInterfaceOrientations_iPad = "UIInterfaceOrientationPortrait UIInterfaceOrientationPortraitUpsideDown UIInterfaceOrientationLandscapeLeft UIInterfaceOrientationLandscapeRight";
				INFOPLIST_KEY_UISupportedInterfaceOrientations_iPhone = "UIInterfaceOrientationPortrait UIInterfaceOrientationLandscapeLeft UIInterfaceOrientationLandscapeRight";
				LD_RUNPATH_SEARCH_PATHS = (
					"$(inherited)",
					"@executable_path/Frameworks",
				);
				MARKETING_VERSION = 1.0;
				PRODUCT_BUNDLE_IDENTIFIER = Admin.Login;
				PRODUCT_NAME = "$(TARGET_NAME)";
				SWIFT_EMIT_LOC_STRINGS = YES;
				SWIFT_VERSION = 5.0;
				TARGETED_DEVICE_FAMILY = "1,2";
			};
			name = Release;
		};
/* End XCBuildConfiguration section */

/* Begin XCConfigurationList section */
		5BFFA4032AB084A000CAD04B /* Build configuration list for PBXProject "Login" */ = {
			isa = XCConfigurationList;
			buildConfigurations = (
				5BFFA41A2AB084A100CAD04B /* Debug */,
				5BFFA41B2AB084A100CAD04B /* Release */,
			);
			defaultConfigurationIsVisible = 0;
			defaultConfigurationName = Release;
		};
		5BFFA41C2AB084A100CAD04B /* Build configuration list for PBXNativeTarget "Login" */ = {
			isa = XCConfigurationList;
			buildConfigurations = (
				5BFFA41D2AB084A100CAD04B /* Debug */,
				5BFFA41E2AB084A100CAD04B /* Release */,
			);
			defaultConfigurationIsVisible = 0;
			defaultConfigurationName = Release;
		};
/* End XCConfigurationList section */

/* Begin XCRemoteSwiftPackageReference section */
		5B3B1A0A2AB2C25900984F0E /* XCRemoteSwiftPackageReference "GoogleSignIn-iOS" */ = {
			isa = XCRemoteSwiftPackageReference;
			repositoryURL = "https://github.com/google/GoogleSignIn-iOS";
			requirement = {
				branch = main;
				kind = branch;
			};
		};
		5B3B1A222AB2E95E00984F0E /* XCRemoteSwiftPackageReference "firebase-ios-sdk" */ = {
			isa = XCRemoteSwiftPackageReference;
			repositoryURL = "https://github.com/firebase/firebase-ios-sdk";
			requirement = {
				branch = master;
				kind = branch;
			};
		};
		5BFFA4272AB0885100CAD04B /* XCRemoteSwiftPackageReference "facebook-ios-sdk" */ = {
			isa = XCRemoteSwiftPackageReference;
			repositoryURL = "https://github.com/facebook/facebook-ios-sdk";
			requirement = {
				branch = main;
				kind = branch;
			};
		};
/* End XCRemoteSwiftPackageReference section */

/* Begin XCSwiftPackageProductDependency section */
		5B3B1A0B2AB2C25900984F0E /* GoogleSignIn */ = {
			isa = XCSwiftPackageProductDependency;
			package = 5B3B1A0A2AB2C25900984F0E /* XCRemoteSwiftPackageReference "GoogleSignIn-iOS" */;
			productName = GoogleSignIn;
		};
		5B3B1A0D2AB2C25900984F0E /* GoogleSignInSwift */ = {
			isa = XCSwiftPackageProductDependency;
			package = 5B3B1A0A2AB2C25900984F0E /* XCRemoteSwiftPackageReference "GoogleSignIn-iOS" */;
			productName = GoogleSignInSwift;
		};
		5B3B1A232AB2E95E00984F0E /* FirebaseAnalytics */ = {
			isa = XCSwiftPackageProductDependency;
			package = 5B3B1A222AB2E95E00984F0E /* XCRemoteSwiftPackageReference "firebase-ios-sdk" */;
			productName = FirebaseAnalytics;
		};
		5B3B1A252AB2E95E00984F0E /* FirebaseAnalyticsWithoutAdIdSupport */ = {
			isa = XCSwiftPackageProductDependency;
			package = 5B3B1A222AB2E95E00984F0E /* XCRemoteSwiftPackageReference "firebase-ios-sdk" */;
			productName = FirebaseAnalyticsWithoutAdIdSupport;
		};
		5B3B1A272AB2E95E00984F0E /* FirebaseAuth */ = {
			isa = XCSwiftPackageProductDependency;
			package = 5B3B1A222AB2E95E00984F0E /* XCRemoteSwiftPackageReference "firebase-ios-sdk" */;
			productName = FirebaseAuth;
		};
		5BFFA4282AB0885100CAD04B /* FacebookAEM */ = {
			isa = XCSwiftPackageProductDependency;
			package = 5BFFA4272AB0885100CAD04B /* XCRemoteSwiftPackageReference "facebook-ios-sdk" */;
			productName = FacebookAEM;
		};
		5BFFA42A2AB0885100CAD04B /* FacebookBasics */ = {
			isa = XCSwiftPackageProductDependency;
			package = 5BFFA4272AB0885100CAD04B /* XCRemoteSwiftPackageReference "facebook-ios-sdk" */;
			productName = FacebookBasics;
		};
		5BFFA42C2AB0885100CAD04B /* FacebookCore */ = {
			isa = XCSwiftPackageProductDependency;
			package = 5BFFA4272AB0885100CAD04B /* XCRemoteSwiftPackageReference "facebook-ios-sdk" */;
			productName = FacebookCore;
		};
		5BFFA42E2AB0885100CAD04B /* FacebookGamingServices */ = {
			isa = XCSwiftPackageProductDependency;
			package = 5BFFA4272AB0885100CAD04B /* XCRemoteSwiftPackageReference "facebook-ios-sdk" */;
			productName = FacebookGamingServices;
		};
		5BFFA4302AB0885100CAD04B /* FacebookLogin */ = {
			isa = XCSwiftPackageProductDependency;
			package = 5BFFA4272AB0885100CAD04B /* XCRemoteSwiftPackageReference "facebook-ios-sdk" */;
			productName = FacebookLogin;
		};
		5BFFA4322AB0885100CAD04B /* FacebookShare */ = {
			isa = XCSwiftPackageProductDependency;
			package = 5BFFA4272AB0885100CAD04B /* XCRemoteSwiftPackageReference "facebook-ios-sdk" */;
			productName = FacebookShare;
		};
/* End XCSwiftPackageProductDependency section */
	};
	rootObject = 5BFFA4002AB084A000CAD04B /* Project object */;
}
